
Microsoft Visual Studio Solution File, Format Version 12.00
# Visual Studio 15
VisualStudioVersion = 15.0.26228.10
MinimumVisualStudioVersion = 10.0.40219.1
Project("{FAE04EC0-301F-11D3-BF4B-00C04F79EFBC}") = "Mjolnir.ConsoleCommandLine", "Mjolnir.ConsoleCommandLine\Mjolnir.ConsoleCommandLine.csproj", "{1FFDE233-856F-486F-B219-F58BAB6110FF}"
EndProject
Project("{FAE04EC0-301F-11D3-BF4B-00C04F79EFBC}") = "Mjolnir.ConsoleCommandLine.UnitTests", "Mjolnir.ConsoleCommandLine.UnitTests\Mjolnir.ConsoleCommandLine.UnitTests.csproj", "{6032078C-BF3E-4346-86B9-4A2B6D94D758}"
EndProject
Project("{FAE04EC0-301F-11D3-BF4B-00C04F79EFBC}") = "Mjolnir.ConsoleCommandLine.TestConsole", "Mjolnir.ConsoleCommandLine.TestConsole\Mjolnir.ConsoleCommandLine.TestConsole.csproj", "{2C321450-5B99-4E4D-B701-6B7B54B27AAF}"
EndProject
Project("{FAE04EC0-301F-11D3-BF4B-00C04F79EFBC}") = "Mjolnir.ConsoleCommandLine.TestLibrary", "Mjolnir.ConsoleCommandLine.TestLibrary\Mjolnir.ConsoleCommandLine.TestLibrary.csproj", "{62A48489-CC68-431D-8515-3FBB750BA44C}"
EndProject
Project("{FAE04EC0-301F-11D3-BF4B-00C04F79EFBC}") = "Mjolnir.ConsoleCommandLine.NoNuget", "Mjolnir.ConsoleCommandLine.NoNuget\Mjolnir.ConsoleCommandLine.NoNuget.csproj", "{20AF35D9-68B9-47D8-BA6B-1F56A5C7AF70}"
EndProject
Global
	GlobalSection(SolutionConfigurationPlatforms) = preSolution
		Debug|Any CPU = Debug|Any CPU
		Release|Any CPU = Release|Any CPU
	EndGlobalSection
	GlobalSection(ProjectConfigurationPlatforms) = postSolution
		{1FFDE233-856F-486F-B219-F58BAB6110FF}.Debug|Any CPU.ActiveCfg = Debug|Any CPU
		{1FFDE233-856F-486F-B219-F58BAB6110FF}.Debug|Any CPU.Build.0 = Debug|Any CPU
		{1FFDE233-856F-486F-B219-F58BAB6110FF}.Release|Any CPU.ActiveCfg = Release|Any CPU
		{1FFDE233-856F-486F-B219-F58BAB6110FF}.Release|Any CPU.Build.0 = Release|Any CPU
		{6032078C-BF3E-4346-86B9-4A2B6D94D758}.Debug|Any CPU.ActiveCfg = Debug|Any CPU
		{6032078C-BF3E-4346-86B9-4A2B6D94D758}.Debug|Any CPU.Build.0 = Debug|Any CPU
		{6032078C-BF3E-4346-86B9-4A2B6D94D758}.Release|Any CPU.ActiveCfg = Release|Any CPU
		{6032078C-BF3E-4346-86B9-4A2B6D94D758}.Release|Any CPU.Build.0 = Release|Any CPU
		{2C321450-5B99-4E4D-B701-6B7B54B27AAF}.Debug|Any CPU.ActiveCfg = Debug|Any CPU
		{2C321450-5B99-4E4D-B701-6B7B54B27AAF}.Debug|Any CPU.Build.0 = Debug|Any CPU
		{2C321450-5B99-4E4D-B701-6B7B54B27AAF}.Release|Any CPU.ActiveCfg = Release|Any CPU
		{2C321450-5B99-4E4D-B701-6B7B54B27AAF}.Release|Any CPU.Build.0 = Release|Any CPU
		{62A48489-CC68-431D-8515-3FBB750BA44C}.Debug|Any CPU.ActiveCfg = Debug|Any CPU
		{62A48489-CC68-431D-8515-3FBB750BA44C}.Debug|Any CPU.Build.0 = Debug|Any CPU
		{62A48489-CC68-431D-8515-3FBB750BA44C}.Release|Any CPU.ActiveCfg = Release|Any CPU
		{62A48489-CC68-431D-8515-3FBB750BA44C}.Release|Any CPU.Build.0 = Release|Any CPU
		{20AF35D9-68B9-47D8-BA6B-1F56A5C7AF70}.Debug|Any CPU.ActiveCfg = Debug|Any CPU
		{20AF35D9-68B9-47D8-BA6B-1F56A5C7AF70}.Debug|Any CPU.Build.0 = Debug|Any CPU
		{20AF35D9-68B9-47D8-BA6B-1F56A5C7AF70}.Release|Any CPU.ActiveCfg = Release|Any CPU
		{20AF35D9-68B9-47D8-BA6B-1F56A5C7AF70}.Release|Any CPU.Build.0 = Release|Any CPU
	EndGlobalSection
	GlobalSection(SolutionProperties) = preSolution
		HideSolutionNode = FALSE
	EndGlobalSection
EndGlobal
